
Microsoft Visual Studio Solution File, Format Version 12.00
# Visual Studio 2012
Project("{FAE04EC0-301F-11D3-BF4B-00C04F79EFBC}") = "DemoHybridWebView", "DemoHybridWebView\DemoHybridWebView.csproj", "{D9DFDDBF-F981-46E0-94EA-D4744442332A}"
EndProject
Project("{FAE04EC0-301F-11D3-BF4B-00C04F79EFBC}") = "DemoHybridWebView.Droid", "Droid\DemoHybridWebView.Droid.csproj", "{23E9B12F-6E92-4F1B-A30E-CB70B5970251}"
EndProject
Project("{FAE04EC0-301F-11D3-BF4B-00C04F79EFBC}") = "DemoHybridWebView.iOS", "iOS\DemoHybridWebView.iOS.csproj", "{A2E409E3-C5F7-495F-A631-B2C914CE6956}"
EndProject
Project("{D954291E-2A0B-460D-934E-DC6B0785DB48}") = "HybridWebView.Shared", "HybridWebView.Shared\HybridWebView.Shared.shproj", "{64A630D7-41BD-4969-9DCF-49AC06515331}"
EndProject
Global
	GlobalSection(SolutionConfigurationPlatforms) = preSolution
		Debug|Any CPU = Debug|Any CPU
		Release|Any CPU = Release|Any CPU
		Debug|iPhoneSimulator = Debug|iPhoneSimulator
		Release|iPhone = Release|iPhone
		Release|iPhoneSimulator = Release|iPhoneSimulator
		Debug|iPhone = Debug|iPhone
	EndGlobalSection
	GlobalSection(ProjectConfigurationPlatforms) = postSolution
		{D9DFDDBF-F981-46E0-94EA-D4744442332A}.Debug|Any CPU.ActiveCfg = Debug|Any CPU
		{D9DFDDBF-F981-46E0-94EA-D4744442332A}.Debug|Any CPU.Build.0 = Debug|Any CPU
		{D9DFDDBF-F981-46E0-94EA-D4744442332A}.Release|Any CPU.ActiveCfg = Release|Any CPU
		{D9DFDDBF-F981-46E0-94EA-D4744442332A}.Release|Any CPU.Build.0 = Release|Any CPU
		{D9DFDDBF-F981-46E0-94EA-D4744442332A}.Debug|iPhoneSimulator.ActiveCfg = Debug|Any CPU
		{D9DFDDBF-F981-46E0-94EA-D4744442332A}.Debug|iPhoneSimulator.Build.0 = Debug|Any CPU
		{D9DFDDBF-F981-46E0-94EA-D4744442332A}.Release|iPhone.ActiveCfg = Release|Any CPU
		{D9DFDDBF-F981-46E0-94EA-D4744442332A}.Release|iPhone.Build.0 = Release|Any CPU
		{D9DFDDBF-F981-46E0-94EA-D4744442332A}.Release|iPhoneSimulator.ActiveCfg = Release|Any CPU
		{D9DFDDBF-F981-46E0-94EA-D4744442332A}.Release|iPhoneSimulator.Build.0 = Release|Any CPU
		{D9DFDDBF-F981-46E0-94EA-D4744442332A}.Debug|iPhone.ActiveCfg = Debug|Any CPU
		{D9DFDDBF-F981-46E0-94EA-D4744442332A}.Debug|iPhone.Build.0 = Debug|Any CPU
		{23E9B12F-6E92-4F1B-A30E-CB70B5970251}.Debug|Any CPU.ActiveCfg = Debug|Any CPU
		{23E9B12F-6E92-4F1B-A30E-CB70B5970251}.Debug|Any CPU.Build.0 = Debug|Any CPU
		{23E9B12F-6E92-4F1B-A30E-CB70B5970251}.Release|Any CPU.ActiveCfg = Release|Any CPU
		{23E9B12F-6E92-4F1B-A30E-CB70B5970251}.Release|Any CPU.Build.0 = Release|Any CPU
		{23E9B12F-6E92-4F1B-A30E-CB70B5970251}.Debug|iPhoneSimulator.ActiveCfg = Debug|Any CPU
		{23E9B12F-6E92-4F1B-A30E-CB70B5970251}.Debug|iPhoneSimulator.Build.0 = Debug|Any CPU
		{23E9B12F-6E92-4F1B-A30E-CB70B5970251}.Release|iPhone.ActiveCfg = Release|Any CPU
		{23E9B12F-6E92-4F1B-A30E-CB70B5970251}.Release|iPhone.Build.0 = Release|Any CPU
		{23E9B12F-6E92-4F1B-A30E-CB70B5970251}.Release|iPhoneSimulator.ActiveCfg = Release|Any CPU
		{23E9B12F-6E92-4F1B-A30E-CB70B5970251}.Release|iPhoneSimulator.Build.0 = Release|Any CPU
		{23E9B12F-6E92-4F1B-A30E-CB70B5970251}.Debug|iPhone.ActiveCfg = Debug|Any CPU
		{23E9B12F-6E92-4F1B-A30E-CB70B5970251}.Debug|iPhone.Build.0 = Debug|Any CPU
		{A2E409E3-C5F7-495F-A631-B2C914CE6956}.Debug|Any CPU.ActiveCfg = Debug|iPhoneSimulator
		{A2E409E3-C5F7-495F-A631-B2C914CE6956}.Debug|Any CPU.Build.0 = Debug|iPhoneSimulator
		{A2E409E3-C5F7-495F-A631-B2C914CE6956}.Release|Any CPU.ActiveCfg = Release|iPhone
		{A2E409E3-C5F7-495F-A631-B2C914CE6956}.Release|Any CPU.Build.0 = Release|iPhone
		{A2E409E3-C5F7-495F-A631-B2C914CE6956}.Debug|iPhoneSimulator.ActiveCfg = Debug|iPhoneSimulator
		{A2E409E3-C5F7-495F-A631-B2C914CE6956}.Debug|iPhoneSimulator.Build.0 = Debug|iPhoneSimulator
		{A2E409E3-C5F7-495F-A631-B2C914CE6956}.Release|iPhone.ActiveCfg = Release|iPhone
		{A2E409E3-C5F7-495F-A631-B2C914CE6956}.Release|iPhone.Build.0 = Release|iPhone
		{A2E409E3-C5F7-495F-A631-B2C914CE6956}.Release|iPhoneSimulator.ActiveCfg = Release|iPhoneSimulator
		{A2E409E3-C5F7-495F-A631-B2C914CE6956}.Release|iPhoneSimulator.Build.0 = Release|iPhoneSimulator
		{A2E409E3-C5F7-495F-A631-B2C914CE6956}.Debug|iPhone.ActiveCfg = Debug|iPhone
		{A2E409E3-C5F7-495F-A631-B2C914CE6956}.Debug|iPhone.Build.0 = Debug|iPhone
	EndGlobalSection
EndGlobal
